
Microsoft Visual Studio Solution File, Format Version 12.00
# Visual Studio Version 16
VisualStudioVersion = 16.0.29920.165
MinimumVisualStudioVersion = 10.0.40219.1
Project("{FAE04EC0-301F-11D3-BF4B-00C04F79EFBC}") = "CollectionMapper", "CollectionMapper\CollectionMapper.csproj", "{A3DB8EF9-FEAD-45AF-88BB-ED23BC2CC6C0}"
EndProject
Global
	GlobalSection(SolutionConfigurationPlatforms) = preSolution
		Debug|Any CPU = Debug|Any CPU
		Release|Any CPU = Release|Any CPU
	EndGlobalSection
	GlobalSection(ProjectConfigurationPlatforms) = postSolution
		{A3DB8EF9-FEAD-45AF-88BB-ED23BC2CC6C0}.Debug|Any CPU.ActiveCfg = Debug|Any CPU
		{A3DB8EF9-FEAD-45AF-88BB-ED23BC2CC6C0}.Debug|Any CPU.Build.0 = Debug|Any CPU
		{A3DB8EF9-FEAD-45AF-88BB-ED23BC2CC6C0}.Release|Any CPU.ActiveCfg = Release|Any CPU
		{A3DB8EF9-FEAD-45AF-88BB-ED23BC2CC6C0}.Release|Any CPU.Build.0 = Release|Any CPU
	EndGlobalSection
	GlobalSection(SolutionProperties) = preSolution
		HideSolutionNode = FALSE
	EndGlobalSection
	GlobalSection(ExtensibilityGlobals) = postSolution
		SolutionGuid = {79B1A72C-3F56-4EBB-AB2B-C49E7345C534}
	EndGlobalSection
EndGlobal
