
Microsoft Visual Studio Solution File, Format Version 12.00
# Visual Studio Version 16
VisualStudioVersion = 16.0.29920.165
MinimumVisualStudioVersion = 10.0.40219.1
Project("{FAE04EC0-301F-11D3-BF4B-00C04F79EFBC}") = "EF_CodeFirstModel", "EF_CodeFirstModel\EF_CodeFirstModel.csproj", "{5E474BAF-F7B6-4746-9002-92AEB93B297B}"
EndProject
Global
	GlobalSection(SolutionConfigurationPlatforms) = preSolution
		Debug|Any CPU = Debug|Any CPU
		Release|Any CPU = Release|Any CPU
	EndGlobalSection
	GlobalSection(ProjectConfigurationPlatforms) = postSolution
		{5E474BAF-F7B6-4746-9002-92AEB93B297B}.Debug|Any CPU.ActiveCfg = Debug|Any CPU
		{5E474BAF-F7B6-4746-9002-92AEB93B297B}.Debug|Any CPU.Build.0 = Debug|Any CPU
		{5E474BAF-F7B6-4746-9002-92AEB93B297B}.Release|Any CPU.ActiveCfg = Release|Any CPU
		{5E474BAF-F7B6-4746-9002-92AEB93B297B}.Release|Any CPU.Build.0 = Release|Any CPU
	EndGlobalSection
	GlobalSection(SolutionProperties) = preSolution
		HideSolutionNode = FALSE
	EndGlobalSection
	GlobalSection(ExtensibilityGlobals) = postSolution
		SolutionGuid = {280EF5D5-7AD9-45B3-BCBA-F37D445F4766}
	EndGlobalSection
EndGlobal
