
Microsoft Visual Studio Solution File, Format Version 12.00
# Visual Studio Version 16
VisualStudioVersion = 16.0.29920.165
MinimumVisualStudioVersion = 10.0.40219.1
Project("{9A19103F-16F7-4668-BE54-9A1E7A4F7556}") = "Bank", "Bank\Bank.csproj", "{0BE78774-753A-427D-A27E-1E1CCD02DE53}"
EndProject
Project("{FAE04EC0-301F-11D3-BF4B-00C04F79EFBC}") = "BankTests", "BankTests\BankTests.csproj", "{54ABE1FE-537A-4278-966C-29980DE4B41F}"
EndProject
Global
	GlobalSection(SolutionConfigurationPlatforms) = preSolution
		Debug|Any CPU = Debug|Any CPU
		Release|Any CPU = Release|Any CPU
	EndGlobalSection
	GlobalSection(ProjectConfigurationPlatforms) = postSolution
		{0BE78774-753A-427D-A27E-1E1CCD02DE53}.Debug|Any CPU.ActiveCfg = Debug|Any CPU
		{0BE78774-753A-427D-A27E-1E1CCD02DE53}.Debug|Any CPU.Build.0 = Debug|Any CPU
		{0BE78774-753A-427D-A27E-1E1CCD02DE53}.Release|Any CPU.ActiveCfg = Release|Any CPU
		{0BE78774-753A-427D-A27E-1E1CCD02DE53}.Release|Any CPU.Build.0 = Release|Any CPU
		{54ABE1FE-537A-4278-966C-29980DE4B41F}.Debug|Any CPU.ActiveCfg = Debug|Any CPU
		{54ABE1FE-537A-4278-966C-29980DE4B41F}.Debug|Any CPU.Build.0 = Debug|Any CPU
		{54ABE1FE-537A-4278-966C-29980DE4B41F}.Release|Any CPU.ActiveCfg = Release|Any CPU
		{54ABE1FE-537A-4278-966C-29980DE4B41F}.Release|Any CPU.Build.0 = Release|Any CPU
	EndGlobalSection
	GlobalSection(SolutionProperties) = preSolution
		HideSolutionNode = FALSE
	EndGlobalSection
	GlobalSection(ExtensibilityGlobals) = postSolution
		SolutionGuid = {A10BD55E-11B9-424E-8861-C38F9E5BD7E6}
	EndGlobalSection
EndGlobal
