
Microsoft Visual Studio Solution File, Format Version 12.00
# Visual Studio Version 16
VisualStudioVersion = 16.0.29920.165
MinimumVisualStudioVersion = 10.0.40219.1
Project("{9A19103F-16F7-4668-BE54-9A1E7A4F7556}") = "Stack_App", "Stack_App\Stack_App.csproj", "{D5F53348-6B8F-4AF6-88BD-C0AE45C56B88}"
EndProject
Project("{FAE04EC0-301F-11D3-BF4B-00C04F79EFBC}") = "Stack_Test", "Stack_Test\Stack_Test.csproj", "{31AAC64D-F736-4D89-92A3-B15ACE3116F9}"
EndProject
Global
	GlobalSection(SolutionConfigurationPlatforms) = preSolution
		Debug|Any CPU = Debug|Any CPU
		Release|Any CPU = Release|Any CPU
	EndGlobalSection
	GlobalSection(ProjectConfigurationPlatforms) = postSolution
		{D5F53348-6B8F-4AF6-88BD-C0AE45C56B88}.Debug|Any CPU.ActiveCfg = Debug|Any CPU
		{D5F53348-6B8F-4AF6-88BD-C0AE45C56B88}.Debug|Any CPU.Build.0 = Debug|Any CPU
		{D5F53348-6B8F-4AF6-88BD-C0AE45C56B88}.Release|Any CPU.ActiveCfg = Release|Any CPU
		{D5F53348-6B8F-4AF6-88BD-C0AE45C56B88}.Release|Any CPU.Build.0 = Release|Any CPU
		{31AAC64D-F736-4D89-92A3-B15ACE3116F9}.Debug|Any CPU.ActiveCfg = Debug|Any CPU
		{31AAC64D-F736-4D89-92A3-B15ACE3116F9}.Debug|Any CPU.Build.0 = Debug|Any CPU
		{31AAC64D-F736-4D89-92A3-B15ACE3116F9}.Release|Any CPU.ActiveCfg = Release|Any CPU
		{31AAC64D-F736-4D89-92A3-B15ACE3116F9}.Release|Any CPU.Build.0 = Release|Any CPU
	EndGlobalSection
	GlobalSection(SolutionProperties) = preSolution
		HideSolutionNode = FALSE
	EndGlobalSection
	GlobalSection(ExtensibilityGlobals) = postSolution
		SolutionGuid = {23D1F6ED-90F1-490B-A7D1-A4FE193FDF49}
	EndGlobalSection
EndGlobal
