
Microsoft Visual Studio Solution File, Format Version 12.00
# Visual Studio Version 16
VisualStudioVersion = 16.0.29920.165
MinimumVisualStudioVersion = 10.0.40219.1
Project("{FAE04EC0-301F-11D3-BF4B-00C04F79EFBC}") = "SqlServerSample", "SqlServerSample\SqlServerSample.csproj", "{E47D6891-2636-4CC0-A8F1-6D0ACB89DBE8}"
EndProject
Global
	GlobalSection(SolutionConfigurationPlatforms) = preSolution
		Debug|Any CPU = Debug|Any CPU
		Release|Any CPU = Release|Any CPU
	EndGlobalSection
	GlobalSection(ProjectConfigurationPlatforms) = postSolution
		{E47D6891-2636-4CC0-A8F1-6D0ACB89DBE8}.Debug|Any CPU.ActiveCfg = Debug|Any CPU
		{E47D6891-2636-4CC0-A8F1-6D0ACB89DBE8}.Debug|Any CPU.Build.0 = Debug|Any CPU
		{E47D6891-2636-4CC0-A8F1-6D0ACB89DBE8}.Release|Any CPU.ActiveCfg = Release|Any CPU
		{E47D6891-2636-4CC0-A8F1-6D0ACB89DBE8}.Release|Any CPU.Build.0 = Release|Any CPU
	EndGlobalSection
	GlobalSection(SolutionProperties) = preSolution
		HideSolutionNode = FALSE
	EndGlobalSection
	GlobalSection(ExtensibilityGlobals) = postSolution
		SolutionGuid = {E267BCB7-92D6-4229-9739-D0B42E3EC856}
	EndGlobalSection
EndGlobal
